{
  "requires": true,
  "lockfileVersion": 1,
  "dependencies": {
    "js-sudoku-generator": {
      "version": "0.0.3",
      "resolved": "https://registry.npmjs.org/js-sudoku-generator/-/js-sudoku-generator-0.0.3.tgz",
      "integrity": "sha512-ira+TZNDCUI6qY1/V8nomxEXM0DA6mZkYupN81UPdStztwL9YGGZ9tUIbowZOkgmQD1i9JajDJ/sla1Y16X/OQ=="
    }
  }
}
